// !$*UTF8*$!
{
	archiveVersion = 1;
	classes = {
	};
	objectVersion = 46;
	objects = {

/* Begin PBXBuildFile section */
		C2B96EBF1946FC4000872737 /* Foundation.framework in Frameworks */ = {isa = PBXBuildFile; fileRef = C2B96EBE1946FC4000872737 /* Foundation.framework */; };
		C2B96EC11946FC4000872737 /* CoreGraphics.framework in Frameworks */ = {isa = PBXBuildFile; fileRef = C2B96EC01946FC4000872737 /* CoreGraphics.framework */; };
		C2B96EC31946FC4000872737 /* UIKit.framework in Frameworks */ = {isa = PBXBuildFile; fileRef = C2B96EC21946FC4000872737 /* UIKit.framework */; };
		C2B96EC91946FC4000872737 /* InfoPlist.strings in Resources */ = {isa = PBXBuildFile; fileRef = C2B96EC71946FC4000872737 /* InfoPlist.strings */; };
		C2B96ECB1946FC4000872737 /* main.m in Sources */ = {isa = PBXBuildFile; fileRef = C2B96ECA1946FC4000872737 /* main.m */; };
		C2B96ECF1946FC4000872737 /* MingAppDelegate.m in Sources */ = {isa = PBXBuildFile; fileRef = C2B96ECE1946FC4000872737 /* MingAppDelegate.m */; };
		C2B96ED11946FC4000872737 /* Images.xcassets in Resources */ = {isa = PBXBuildFile; fileRef = C2B96ED01946FC4000872737 /* Images.xcassets */; };
		C2B96ED81946FC4000872737 /* XCTest.framework in Frameworks */ = {isa = PBXBuildFile; fileRef = C2B96ED71946FC4000872737 /* XCTest.framework */; };
		C2B96ED91946FC4000872737 /* Foundation.framework in Frameworks */ = {isa = PBXBuildFile; fileRef = C2B96EBE1946FC4000872737 /* Foundation.framework */; };
		C2B96EDA1946FC4000872737 /* UIKit.framework in Frameworks */ = {isa = PBXBuildFile; fileRef = C2B96EC21946FC4000872737 /* UIKit.framework */; };
		C2B96EE21946FC4100872737 /* InfoPlist.strings in Resources */ = {isa = PBXBuildFile; fileRef = C2B96EE01946FC4100872737 /* InfoPlist.strings */; };
		C2B96EE41946FC4100872737 /* MIng_helloTests.m in Sources */ = {isa = PBXBuildFile; fileRef = C2B96EE31946FC4100872737 /* MIng_helloTests.m */; };
/* End PBXBuildFile section */

/* Begin PBXContainerItemProxy section */
		C2B96EDB1946FC4000872737 /* PBXContainerItemProxy */ = {
			isa = PBXContainerItemProxy;
			containerPortal = C2B96EB31946FC4000872737 /* Project object */;
			proxyType = 1;
			remoteGlobalIDString = C2B96EBA1946FC4000872737;
			remoteInfo = "MIng-hello";
		};
/* End PBXContainerItemProxy section */

/* Begin PBXFileReference section */
		C2B96EBB1946FC4000872737 /* MIng-hello.app */ = {isa = PBXFileReference; explicitFileType = wrapper.application; includeInIndex = 0; path = "MIng-hello.app"; sourceTree = BUILT_PRODUCTS_DIR; };
		C2B96EBE1946FC4000872737 /* Foundation.framework */ = {isa = PBXFileReference; lastKnownFileType = wrapper.framework; name = Foundation.framework; path = System/Library/Frameworks/Foundation.framework; sourceTree = SDKROOT; };
		C2B96EC01946FC4000872737 /* CoreGraphics.framework */ = {isa = PBXFileReference; lastKnownFileType = wrapper.framework; name = CoreGraphics.framework; path = System/Library/Frameworks/CoreGraphics.framework; sourceTree = SDKROOT; };
		C2B96EC21946FC4000872737 /* UIKit.framework */ = {isa = PBXFileReference; lastKnownFileType = wrapper.framework; name = UIKit.framework; path = System/Library/Frameworks/UIKit.framework; sourceTree = SDKROOT; };
		C2B96EC61946FC4000872737 /* MIng-hello-Info.plist */ = {isa = PBXFileReference; lastKnownFileType = text.plist.xml; path = "MIng-hello-Info.plist"; sourceTree = "<group>"; };
		C2B96EC81946FC4000872737 /* en */ = {isa = PBXFileReference; lastKnownFileType = text.plist.strings; name = en; path = en.lproj/InfoPlist.strings; sourceTree = "<group>"; };
		C2B96ECA1946FC4000872737 /* main.m */ = {isa = PBXFileReference; lastKnownFileType = sourcecode.c.objc; path = main.m; sourceTree = "<group>"; };
		C2B96ECC1946FC4000872737 /* MIng-hello-Prefix.pch */ = {isa = PBXFileReference; lastKnownFileType = sourcecode.c.h; path = "MIng-hello-Prefix.pch"; sourceTree = "<group>"; };
		C2B96ECD1946FC4000872737 /* MingAppDelegate.h */ = {isa = PBXFileReference; lastKnownFileType = sourcecode.c.h; path = MingAppDelegate.h; sourceTree = "<group>"; };
		C2B96ECE1946FC4000872737 /* MingAppDelegate.m */ = {isa = PBXFileReference; lastKnownFileType = sourcecode.c.objc; path = MingAppDelegate.m; sourceTree = "<group>"; };
		C2B96ED01946FC4000872737 /* Images.xcassets */ = {isa = PBXFileReference; lastKnownFileType = folder.assetcatalog; path = Images.xcassets; sourceTree = "<group>"; };
		C2B96ED61946FC4000872737 /* MIng-helloTests.xctest */ = {isa = PBXFileReference; explicitFileType = wrapper.cfbundle; includeInIndex = 0; path = "MIng-helloTests.xctest"; sourceTree = BUILT_PRODUCTS_DIR; };
		C2B96ED71946FC4000872737 /* XCTest.framework */ = {isa = PBXFileReference; lastKnownFileType = wrapper.framework; name = XCTest.framework; path = Library/Frameworks/XCTest.framework; sourceTree = DEVELOPER_DIR; };
		C2B96EDF1946FC4100872737 /* MIng-helloTests-Info.plist */ = {isa = PBXFileReference; lastKnownFileType = text.plist.xml; path = "MIng-helloTests-Info.plist"; sourceTree = "<group>"; };
		C2B96EE11946FC4100872737 /* en */ = {isa = PBXFileReference; lastKnownFileType = text.plist.strings; name = en; path = en.lproj/InfoPlist.strings; sourceTree = "<group>"; };
		C2B96EE31946FC4100872737 /* MIng_helloTests.m */ = {isa = PBXFileReference; lastKnownFileType = sourcecode.c.objc; path = MIng_helloTests.m; sourceTree = "<group>"; };
/* End PBXFileReference section */

/* Begin PBXFrameworksBuildPhase section */
		C2B96EB81946FC4000872737 /* Frameworks */ = {
			isa = PBXFrameworksBuildPhase;
			buildActionMask = 2147483647;
			files = (
				C2B96EC11946FC4000872737 /* CoreGraphics.framework in Frameworks */,
				C2B96EC31946FC4000872737 /* UIKit.framework in Frameworks */,
				C2B96EBF1946FC4000872737 /* Foundation.framework in Frameworks */,
			);
			runOnlyForDeploymentPostprocessing = 0;
		};
		C2B96ED31946FC4000872737 /* Frameworks */ = {
			isa = PBXFrameworksBuildPhase;
			buildActionMask = 2147483647;
			files = (
				C2B96ED81946FC4000872737 /* XCTest.framework in Frameworks */,
				C2B96EDA1946FC4000872737 /* UIKit.framework in Frameworks */,
				C2B96ED91946FC4000872737 /* Foundation.framework in Frameworks */,
			);
			runOnlyForDeploymentPostprocessing = 0;
		};
/* End PBXFrameworksBuildPhase section */

/* Begin PBXGroup section */
		C2B96EB21946FC4000872737 = {
			isa = PBXGroup;
			children = (
				C2B96EC41946FC4000872737 /* MIng-hello */,
				C2B96EDD1946FC4000872737 /* MIng-helloTests */,
				C2B96EBD1946FC4000872737 /* Frameworks */,
				C2B96EBC1946FC4000872737 /* Products */,
			);
			sourceTree = "<group>";
		};
		C2B96EBC1946FC4000872737 /* Products */ = {
			isa = PBXGroup;
			children = (
				C2B96EBB1946FC4000872737 /* MIng-hello.app */,
				C2B96ED61946FC4000872737 /* MIng-helloTests.xctest */,
			);
			name = Products;
			sourceTree = "<group>";
		};
		C2B96EBD1946FC4000872737 /* Frameworks */ = {
			isa = PBXGroup;
			children = (
				C2B96EBE1946FC4000872737 /* Foundation.framework */,
				C2B96EC01946FC4000872737 /* CoreGraphics.framework */,
				C2B96EC21946FC4000872737 /* UIKit.framework */,
				C2B96ED71946FC4000872737 /* XCTest.framework */,
			);
			name = Frameworks;
			sourceTree = "<group>";
		};
		C2B96EC41946FC4000872737 /* MIng-hello */ = {
			isa = PBXGroup;
			children = (
				C2B96ECD1946FC4000872737 /* MingAppDelegate.h */,
				C2B96ECE1946FC4000872737 /* MingAppDelegate.m */,
				C2B96ED01946FC4000872737 /* Images.xcassets */,
				C2B96EC51946FC4000872737 /* Supporting Files */,
			);
			path = "MIng-hello";
			sourceTree = "<group>";
		};
		C2B96EC51946FC4000872737 /* Supporting Files */ = {
			isa = PBXGroup;
			children = (
				C2B96EC61946FC4000872737 /* MIng-hello-Info.plist */,
				C2B96EC71946FC4000872737 /* InfoPlist.strings */,
				C2B96ECA1946FC4000872737 /* main.m */,
				C2B96ECC1946FC4000872737 /* MIng-hello-Prefix.pch */,
			);
			name = "Supporting Files";
			sourceTree = "<group>";
		};
		C2B96EDD1946FC4000872737 /* MIng-helloTests */ = {
			isa = PBXGroup;
			children = (
				C2B96EE31946FC4100872737 /* MIng_helloTests.m */,
				C2B96EDE1946FC4100872737 /* Supporting Files */,
			);
			path = "MIng-helloTests";
			sourceTree = "<group>";
		};
		C2B96EDE1946FC4100872737 /* Supporting Files */ = {
			isa = PBXGroup;
			children = (
				C2B96EDF1946FC4100872737 /* MIng-helloTests-Info.plist */,
				C2B96EE01946FC4100872737 /* InfoPlist.strings */,
			);
			name = "Supporting Files";
			sourceTree = "<group>";
		};
/* End PBXGroup section */

/* Begin PBXNativeTarget section */
		C2B96EBA1946FC4000872737 /* MIng-hello */ = {
			isa = PBXNativeTarget;
			buildConfigurationList = C2B96EE71946FC4100872737 /* Build configuration list for PBXNativeTarget "MIng-hello" */;
			buildPhases = (
				C2B96EB71946FC4000872737 /* Sources */,
				C2B96EB81946FC4000872737 /* Frameworks */,
				C2B96EB91946FC4000872737 /* Resources */,
			);
			buildRules = (
			);
			dependencies = (
			);
			name = "MIng-hello";
			productName = "MIng-hello";
			productReference = C2B96EBB1946FC4000872737 /* MIng-hello.app */;
			productType = "com.apple.product-type.application";
		};
		C2B96ED51946FC4000872737 /* MIng-helloTests */ = {
			isa = PBXNativeTarget;
			buildConfigurationList = C2B96EEA1946FC4100872737 /* Build configuration list for PBXNativeTarget "MIng-helloTests" */;
			buildPhases = (
				C2B96ED21946FC4000872737 /* Sources */,
				C2B96ED31946FC4000872737 /* Frameworks */,
				C2B96ED41946FC4000872737 /* Resources */,
			);
			buildRules = (
			);
			dependencies = (
				C2B96EDC1946FC4000872737 /* PBXTargetDependency */,
			);
			name = "MIng-helloTests";
			productName = "MIng-helloTests";
			productReference = C2B96ED61946FC4000872737 /* MIng-helloTests.xctest */;
			productType = "com.apple.product-type.bundle.unit-test";
		};
/* End PBXNativeTarget section */

/* Begin PBXProject section */
		C2B96EB31946FC4000872737 /* Project object */ = {
			isa = PBXProject;
			attributes = {
				CLASSPREFIX = Ming;
				LastUpgradeCheck = 0500;
				ORGANIZATIONNAME = "lanou3g.com 蓝欧科技";
				TargetAttributes = {
					C2B96ED51946FC4000872737 = {
						TestTargetID = C2B96EBA1946FC4000872737;
					};
				};
			};
			buildConfigurationList = C2B96EB61946FC4000872737 /* Build configuration list for PBXProject "MIng-hello" */;
			compatibilityVersion = "Xcode 3.2";
			developmentRegion = English;
			hasScannedForEncodings = 0;
			knownRegions = (
				en,
			);
			mainGroup = C2B96EB21946FC4000872737;
			productRefGroup = C2B96EBC1946FC4000872737 /* Products */;
			projectDirPath = "";
			projectRoot = "";
			targets = (
				C2B96EBA1946FC4000872737 /* MIng-hello */,
				C2B96ED51946FC4000872737 /* MIng-helloTests */,
			);
		};
/* End PBXProject section */

/* Begin PBXResourcesBuildPhase section */
		C2B96EB91946FC4000872737 /* Resources */ = {
			isa = PBXResourcesBuildPhase;
			buildActionMask = 2147483647;
			files = (
				C2B96EC91946FC4000872737 /* InfoPlist.strings in Resources */,
				C2B96ED11946FC4000872737 /* Images.xcassets in Resources */,
			);
			runOnlyForDeploymentPostprocessing = 0;
		};
		C2B96ED41946FC4000872737 /* Resources */ = {
			isa = PBXResourcesBuildPhase;
			buildActionMask = 2147483647;
			files = (
				C2B96EE21946FC4100872737 /* InfoPlist.strings in Resources */,
			);
			runOnlyForDeploymentPostprocessing = 0;
		};
/* End PBXResourcesBuildPhase section */

/* Begin PBXSourcesBuildPhase section */
		C2B96EB71946FC4000872737 /* Sources */ = {
			isa = PBXSourcesBuildPhase;
			buildActionMask = 2147483647;
			files = (
				C2B96ECB1946FC4000872737 /* main.m in Sources */,
				C2B96ECF1946FC4000872737 /* MingAppDelegate.m in Sources */,
			);
			runOnlyForDeploymentPostprocessing = 0;
		};
		C2B96ED21946FC4000872737 /* Sources */ = {
			isa = PBXSourcesBuildPhase;
			buildActionMask = 2147483647;
			files = (
				C2B96EE41946FC4100872737 /* MIng_helloTests.m in Sources */,
			);
			runOnlyForDeploymentPostprocessing = 0;
		};
/* End PBXSourcesBuildPhase section */

/* Begin PBXTargetDependency section */
		C2B96EDC1946FC4000872737 /* PBXTargetDependency */ = {
			isa = PBXTargetDependency;
			target = C2B96EBA1946FC4000872737 /* MIng-hello */;
			targetProxy = C2B96EDB1946FC4000872737 /* PBXContainerItemProxy */;
		};
/* End PBXTargetDependency section */

/* Begin PBXVariantGroup section */
		C2B96EC71946FC4000872737 /* InfoPlist.strings */ = {
			isa = PBXVariantGroup;
			children = (
				C2B96EC81946FC4000872737 /* en */,
			);
			name = InfoPlist.strings;
			sourceTree = "<group>";
		};
		C2B96EE01946FC4100872737 /* InfoPlist.strings */ = {
			isa = PBXVariantGroup;
			children = (
				C2B96EE11946FC4100872737 /* en */,
			);
			name = InfoPlist.strings;
			sourceTree = "<group>";
		};
/* End PBXVariantGroup section */

/* Begin XCBuildConfiguration section */
		C2B96EE51946FC4100872737 /* Debug */ = {
			isa = XCBuildConfiguration;
			buildSettings = {
				ALWAYS_SEARCH_USER_PATHS = NO;
				ARCHS = "$(ARCHS_STANDARD_INCLUDING_64_BIT)";
				CLANG_CXX_LANGUAGE_STANDARD = "gnu++0x";
				CLANG_CXX_LIBRARY = "libc++";
				CLANG_ENABLE_MODULES = YES;
				CLANG_ENABLE_OBJC_ARC = YES;
				CLANG_WARN_BOOL_CONVERSION = YES;
				CLANG_WARN_CONSTANT_CONVERSION = YES;
				CLANG_WARN_DIRECT_OBJC_ISA_USAGE = YES_ERROR;
				CLANG_WARN_EMPTY_BODY = YES;
				CLANG_WARN_ENUM_CONVERSION = YES;
				CLANG_WARN_INT_CONVERSION = YES;
				CLANG_WARN_OBJC_ROOT_CLASS = YES_ERROR;
				CLANG_WARN__DUPLICATE_METHOD_MATCH = YES;
				"CODE_SIGN_IDENTITY[sdk=iphoneos*]" = "iPhone Developer";
				COPY_PHASE_STRIP = NO;
				GCC_C_LANGUAGE_STANDARD = gnu99;
				GCC_DYNAMIC_NO_PIC = NO;
				GCC_OPTIMIZATION_LEVEL = 0;
				GCC_PREPROCESSOR_DEFINITIONS = (
					"DEBUG=1",
					"$(inherited)",
				);
				GCC_SYMBOLS_PRIVATE_EXTERN = NO;
				GCC_WARN_64_TO_32_BIT_CONVERSION = YES;
				GCC_WARN_ABOUT_RETURN_TYPE = YES_ERROR;
				GCC_WARN_UNDECLARED_SELECTOR = YES;
				GCC_WARN_UNINITIALIZED_AUTOS = YES;
				GCC_WARN_UNUSED_FUNCTION = YES;
				GCC_WARN_UNUSED_VARIABLE = YES;
				IPHONEOS_DEPLOYMENT_TARGET = 7.0;
				ONLY_ACTIVE_ARCH = YES;
				SDKROOT = iphoneos;
			};
			name = Debug;
		};
		C2B96EE61946FC4100872737 /* Release */ = {
			isa = XCBuildConfiguration;
			buildSettings = {
				ALWAYS_SEARCH_USER_PATHS = NO;
				ARCHS = "$(ARCHS_STANDARD_INCLUDING_64_BIT)";
				CLANG_CXX_LANGUAGE_STANDARD = "gnu++0x";
				CLANG_CXX_LIBRARY = "libc++";
				CLANG_ENABLE_MODULES = YES;
				CLANG_ENABLE_OBJC_ARC = YES;
				CLANG_WARN_BOOL_CONVERSION = YES;
				CLANG_WARN_CONSTANT_CONVERSION = YES;
				CLANG_WARN_DIRECT_OBJC_ISA_USAGE = YES_ERROR;
				CLANG_WARN_EMPTY_BODY = YES;
				CLANG_WARN_ENUM_CONVERSION = YES;
				CLANG_WARN_INT_CONVERSION = YES;
				CLANG_WARN_OBJC_ROOT_CLASS = YES_ERROR;
				CLANG_WARN__DUPLICATE_METHOD_MATCH = YES;
				"CODE_SIGN_IDENTITY[sdk=iphoneos*]" = "iPhone Developer";
				COPY_PHASE_STRIP = YES;
				ENABLE_NS_ASSERTIONS = NO;
				GCC_C_LANGUAGE_STANDARD = gnu99;
				GCC_WARN_64_TO_32_BIT_CONVERSION = YES;
				GCC_WARN_ABOUT_RETURN_TYPE = YES_ERROR;
				GCC_WARN_UNDECLARED_SELECTOR = YES;
				GCC_WARN_UNINITIALIZED_AUTOS = YES;
				GCC_WARN_UNUSED_FUNCTION = YES;
				GCC_WARN_UNUSED_VARIABLE = YES;
				IPHONEOS_DEPLOYMENT_TARGET = 7.0;
				SDKROOT = iphoneos;
				VALIDATE_PRODUCT = YES;
			};
			name = Release;
		};
		C2B96EE81946FC4100872737 /* Debug */ = {
			isa = XCBuildConfiguration;
			buildSettings = {
				ASSETCATALOG_COMPILER_APPICON_NAME = AppIcon;
				ASSETCATALOG_COMPILER_LAUNCHIMAGE_NAME = LaunchImage;
				GCC_PRECOMPILE_PREFIX_HEADER = YES;
				GCC_PREFIX_HEADER = "MIng-hello/MIng-hello-Prefix.pch";
				INFOPLIST_FILE = "MIng-hello/MIng-hello-Info.plist";
				PRODUCT_NAME = "$(TARGET_NAME)";
				WRAPPER_EXTENSION = app;
			};
			name = Debug;
		};
		C2B96EE91946FC4100872737 /* Release */ = {
			isa = XCBuildConfiguration;
			buildSettings = {
				ASSETCATALOG_COMPILER_APPICON_NAME = AppIcon;
				ASSETCATALOG_COMPILER_LAUNCHIMAGE_NAME = LaunchImage;
				GCC_PRECOMPILE_PREFIX_HEADER = YES;
				GCC_PREFIX_HEADER = "MIng-hello/MIng-hello-Prefix.pch";
				INFOPLIST_FILE = "MIng-hello/MIng-hello-Info.plist";
				PRODUCT_NAME = "$(TARGET_NAME)";
				WRAPPER_EXTENSION = app;
			};
			name = Release;
		};
		C2B96EEB1946FC4100872737 /* Debug */ = {
			isa = XCBuildConfiguration;
			buildSettings = {
				ARCHS = "$(ARCHS_STANDARD_INCLUDING_64_BIT)";
				BUNDLE_LOADER = "$(BUILT_PRODUCTS_DIR)/MIng-hello.app/MIng-hello";
				FRAMEWORK_SEARCH_PATHS = (
					"$(SDKROOT)/Developer/Library/Frameworks",
					"$(inherited)",
					"$(DEVELOPER_FRAMEWORKS_DIR)",
				);
				GCC_PRECOMPILE_PREFIX_HEADER = YES;
				GCC_PREFIX_HEADER = "MIng-hello/MIng-hello-Prefix.pch";
				GCC_PREPROCESSOR_DEFINITIONS = (
					"DEBUG=1",
					"$(inherited)",
				);
				INFOPLIST_FILE = "MIng-helloTests/MIng-helloTests-Info.plist";
				PRODUCT_NAME = "$(TARGET_NAME)";
				TEST_HOST = "$(BUNDLE_LOADER)";
				WRAPPER_EXTENSION = xctest;
			};
			name = Debug;
		};
		C2B96EEC1946FC4100872737 /* Release */ = {
			isa = XCBuildConfiguration;
			buildSettings = {
				ARCHS = "$(ARCHS_STANDARD_INCLUDING_64_BIT)";
				BUNDLE_LOADER = "$(BUILT_PRODUCTS_DIR)/MIng-hello.app/MIng-hello";
				FRAMEWORK_SEARCH_PATHS = (
					"$(SDKROOT)/Developer/Library/Frameworks",
					"$(inherited)",
					"$(DEVELOPER_FRAMEWORKS_DIR)",
				);
				GCC_PRECOMPILE_PREFIX_HEADER = YES;
				GCC_PREFIX_HEADER = "MIng-hello/MIng-hello-Prefix.pch";
				INFOPLIST_FILE = "MIng-helloTests/MIng-helloTests-Info.plist";
				PRODUCT_NAME = "$(TARGET_NAME)";
				TEST_HOST = "$(BUNDLE_LOADER)";
				WRAPPER_EXTENSION = xctest;
			};
			name = Release;
		};
/* End XCBuildConfiguration section */

/* Begin XCConfigurationList section */
		C2B96EB61946FC4000872737 /* Build configuration list for PBXProject "MIng-hello" */ = {
			isa = XCConfigurationList;
			buildConfigurations = (
				C2B96EE51946FC4100872737 /* Debug */,
				C2B96EE61946FC4100872737 /* Release */,
			);
			defaultConfigurationIsVisible = 0;
			defaultConfigurationName = Release;
		};
		C2B96EE71946FC4100872737 /* Build configuration list for PBXNativeTarget "MIng-hello" */ = {
			isa = XCConfigurationList;
			buildConfigurations = (
				C2B96EE81946FC4100872737 /* Debug */,
				C2B96EE91946FC4100872737 /* Release */,
			);
			defaultConfigurationIsVisible = 0;
		};
		C2B96EEA1946FC4100872737 /* Build configuration list for PBXNativeTarget "MIng-helloTests" */ = {
			isa = XCConfigurationList;
			buildConfigurations = (
				C2B96EEB1946FC4100872737 /* Debug */,
				C2B96EEC1946FC4100872737 /* Release */,
			);
			defaultConfigurationIsVisible = 0;
		};
/* End XCConfigurationList section */
	};
	rootObject = C2B96EB31946FC4000872737 /* Project object */;
}
